
Microsoft Visual Studio Solution File, Format Version 12.00
# Visual Studio Version 17
VisualStudioVersion = 17.7.34018.315
MinimumVisualStudioVersion = 10.0.40219.1
Project("{FAE04EC0-301F-11D3-BF4B-00C04F79EFBC}") = "FruitDetictor", "CrackDetict\FruitDetictor.csproj", "{6BF80DD8-EFA9-49CA-B708-CC8D5ACEC9E7}"
EndProject
Global
	GlobalSection(SolutionConfigurationPlatforms) = preSolution
		Debug|Any CPU = Debug|Any CPU
		Release|Any CPU = Release|Any CPU
	EndGlobalSection
	GlobalSection(ProjectConfigurationPlatforms) = postSolution
		{6BF80DD8-EFA9-49CA-B708-CC8D5ACEC9E7}.Debug|Any CPU.ActiveCfg = Debug|Any CPU
		{6BF80DD8-EFA9-49CA-B708-CC8D5ACEC9E7}.Debug|Any CPU.Build.0 = Debug|Any CPU
		{6BF80DD8-EFA9-49CA-B708-CC8D5ACEC9E7}.Release|Any CPU.ActiveCfg = Release|Any CPU
		{6BF80DD8-EFA9-49CA-B708-CC8D5ACEC9E7}.Release|Any CPU.Build.0 = Release|Any CPU
	EndGlobalSection
	GlobalSection(SolutionProperties) = preSolution
		HideSolutionNode = FALSE
	EndGlobalSection
	GlobalSection(ExtensibilityGlobals) = postSolution
		SolutionGuid = {D55620CE-1DD9-43D0-B94C-8AF2B2E433FB}
	EndGlobalSection
EndGlobal
